{
  "lockfileVersion": 1,
  "configVersion": 0,
  "workspaces": {
    "": {
      "name": "@kevisual/router",
      "dependencies": {
        "es-toolkit": "^1.44.0",
      },
      "devDependencies": {
        "@kevisual/code-builder": "^0.0.6",
        "@kevisual/context": "^0.0.6",
        "@kevisual/dts": "^0.0.4",
        "@kevisual/js-filter": "^0.0.5",
        "@kevisual/local-proxy": "^0.0.8",
        "@kevisual/query": "^0.0.47",
        "@kevisual/use-config": "^1.0.30",
        "@opencode-ai/plugin": "^1.2.6",
        "@types/bun": "^1.3.9",
        "@types/node": "^25.2.3",
        "@types/send": "^1.2.1",
        "@types/ws": "^8.18.1",
        "@types/xml2js": "^0.4.14",
        "eventemitter3": "^5.0.4",
        "fast-glob": "^3.3.3",
        "hono": "^4.11.9",
        "nanoid": "^5.1.6",
        "path-to-regexp": "^8.3.0",
        "send": "^1.2.1",
        "typescript": "^5.9.3",
        "ws": "npm:@kevisual/ws",
        "xml2js": "^0.6.2",
        "zod": "^4.3.6",
      },
    },
  },
  "packages": {
    "@babel/code-frame": ["@babel/code-frame@7.27.1", "", { "dependencies": { "@babel/helper-validator-identifier": "^7.27.1", "js-tokens": "^4.0.0", "picocolors": "^1.1.1" } }, ""],

    "@babel/helper-validator-identifier": ["@babel/helper-validator-identifier@7.28.5", "", {}, ""],

    "@jridgewell/sourcemap-codec": ["@jridgewell/sourcemap-codec@1.5.5", "", {}, ""],

    "@kevisual/code-builder": ["@kevisual/code-builder@0.0.6", "", { "bin": { "code-builder": "bin/code.js", "builder": "bin/code.js" } }, "sha512-0aqATB31/yw4k4s5/xKnfr4DKbUnx8e3Z3BmKbiXTrc+CqWiWTdlGe9bKI9dZ2Df+xNp6g11W4xM2NICNyyCCw=="],

    "@kevisual/context": ["@kevisual/context@0.0.6", "", {}, "sha512-w7HBOuO3JH37n6xT6W3FD7ykqHTwtyxOQzTzfEcKDCbsvGB1wVreSxFm2bvoFnnFLuxT/5QMpKlnPrwvmcTGnw=="],

    "@kevisual/dts": ["@kevisual/dts@0.0.4", "", { "dependencies": { "@rollup/plugin-commonjs": "^29.0.0", "@rollup/plugin-node-resolve": "^16.0.3", "@rollup/plugin-typescript": "^12.3.0", "rollup": "^4.57.1", "rollup-plugin-dts": "^6.3.0", "tslib": "^2.8.1" }, "bin": { "dts": "bin/dts.mjs" } }, "sha512-FVUaH/0nyhbHWpEVjFTGP54PLMm4Hf06aqWLdHOYHNPIgr1aK1C26kOH7iumklGFGk9w93IGxj8Zxe5fap5N2A=="],

    "@kevisual/js-filter": ["@kevisual/js-filter@0.0.5", "", {}, "sha512-+S+Sf3K/aP6XtZI2s7TgKOr35UuvUvtpJ9YDW30a+mY0/N8gRuzyKhieBzQN7Ykayzz70uoMavBXut2rUlLgzw=="],

    "@kevisual/load": ["@kevisual/load@0.0.6", "", { "dependencies": { "eventemitter3": "^5.0.1" } }, "sha512-+3YTFehRcZ1haGel5DKYMUwmi5i6f2psyaPZlfkKU/cOXgkpwoG9/BEqPCnPjicKqqnksEpixVRkyHJ+5bjLVA=="],

    "@kevisual/local-proxy": ["@kevisual/local-proxy@0.0.8", "", {}, "sha512-VX/P+6/Cc8ruqp34ag6gVX073BchUmf5VNZcTV/6MJtjrNE76G8V6TLpBE8bywLnrqyRtFLIspk4QlH8up9B5Q=="],

    "@kevisual/query": ["@kevisual/query@0.0.47", "", {}, "sha512-ZR7WXeDDGUSzBtcGVU3J173sA0hCqrGTw5ybGbdNGlM0VyJV/XQIovCcSoZh1YpnciLRRqJvzXUgTnCkam+M3g=="],

    "@kevisual/use-config": ["@kevisual/use-config@1.0.30", "", { "dependencies": { "@kevisual/load": "^0.0.6" }, "peerDependencies": { "dotenv": "^17" } }, "sha512-kPdna0FW/X7D600aMdiZ5UTjbCo6d8d4jjauSc8RMmBwUU6WliFDSPUNKVpzm2BsDX5Nth1IXFPYMqH+wxqAmw=="],

    "@nodelib/fs.scandir": ["@nodelib/fs.scandir@2.1.5", "", { "dependencies": { "@nodelib/fs.stat": "2.0.5", "run-parallel": "^1.1.9" } }, "sha512-vq24Bq3ym5HEQm2NKCr3yXDwjc7vTsEThRDnkp2DK9p1uqLR+DHurm/NOTo0KG7HYHU7eppKZj3MyqYuMBf62g=="],

    "@nodelib/fs.stat": ["@nodelib/fs.stat@2.0.5", "", {}, "sha512-RkhPPp2zrqDAQA/2jNhnztcPAlv64XdhIp7a7454A5ovI7Bukxgt7MX7udwAu3zg1DcpPU0rz3VV1SeaqvY4+A=="],

    "@nodelib/fs.walk": ["@nodelib/fs.walk@1.2.8", "", { "dependencies": { "@nodelib/fs.scandir": "2.1.5", "fastq": "^1.6.0" } }, "sha512-oGB+UxlgWcgQkgwo8GcEGwemoTFt3FIO9ababBmaGwXIoBKZ+GTy0pP185beGg7Llih/NSHSV2XAs1lnznocSg=="],

    "@opencode-ai/plugin": ["@opencode-ai/plugin@1.2.6", "", { "dependencies": { "@opencode-ai/sdk": "1.2.6", "zod": "4.1.8" } }, "sha512-CJEp3k17yWsjyfivm3zQof8L42pdze3a7iTqMOyesHgJplSuLiBYAMndbBYMDuJkyAh0dHYjw8v10vVw7Kfl4Q=="],

    "@opencode-ai/sdk": ["@opencode-ai/sdk@1.2.6", "", {}, "sha512-dWMF8Aku4h7fh8sw5tQ2FtbqRLbIFT8FcsukpxTird49ax7oUXP+gzqxM/VdxHjfksQvzLBjLZyMdDStc5g7xA=="],

    "@rollup/plugin-commonjs": ["@rollup/plugin-commonjs@29.0.0", "", { "dependencies": { "@rollup/pluginutils": "^5.0.1", "commondir": "^1.0.1", "estree-walker": "^2.0.2", "fdir": "^6.2.0", "is-reference": "1.2.1", "magic-string": "^0.30.3", "picomatch": "^4.0.2" }, "peerDependencies": { "rollup": "^2.68.0||^3.0.0||^4.0.0" } }, "sha512-U2YHaxR2cU/yAiwKJtJRhnyLk7cifnQw0zUpISsocBDoHDJn+HTV74ABqnwr5bEgWUwFZC9oFL6wLe21lHu5eQ=="],

    "@rollup/plugin-node-resolve": ["@rollup/plugin-node-resolve@16.0.3", "", { "dependencies": { "@rollup/pluginutils": "^5.0.1", "@types/resolve": "1.20.2", "deepmerge": "^4.2.2", "is-module": "^1.0.0", "resolve": "^1.22.1" }, "peerDependencies": { "rollup": "^2.78.0||^3.0.0||^4.0.0" } }, "sha512-lUYM3UBGuM93CnMPG1YocWu7X802BrNF3jW2zny5gQyLQgRFJhV1Sq0Zi74+dh/6NBx1DxFC4b4GXg9wUCG5Qg=="],

    "@rollup/plugin-typescript": ["@rollup/plugin-typescript@12.3.0", "", { "dependencies": { "@rollup/pluginutils": "^5.1.0", "resolve": "^1.22.1" }, "peerDependencies": { "rollup": "^2.14.0||^3.0.0||^4.0.0", "tslib": "*", "typescript": ">=3.7.0" } }, "sha512-7DP0/p7y3t67+NabT9f8oTBFE6gGkto4SA6Np2oudYmZE/m1dt8RB0SjL1msMxFpLo631qjRCcBlAbq1ml/Big=="],

    "@rollup/pluginutils": ["@rollup/pluginutils@5.3.0", "", { "dependencies": { "@types/estree": "^1.0.0", "estree-walker": "^2.0.2", "picomatch": "^4.0.2" }, "peerDependencies": { "rollup": "^1.20.0||^2.0.0||^3.0.0||^4.0.0" } }, ""],

    "@rollup/rollup-android-arm-eabi": ["@rollup/rollup-android-arm-eabi@4.57.1", "", { "os": "android", "cpu": "arm" }, "sha512-A6ehUVSiSaaliTxai040ZpZ2zTevHYbvu/lDoeAteHI8QnaosIzm4qwtezfRg1jOYaUmnzLX1AOD6Z+UJjtifg=="],

    "@rollup/rollup-android-arm64": ["@rollup/rollup-android-arm64@4.57.1", "", { "os": "android", "cpu": "arm64" }, "sha512-dQaAddCY9YgkFHZcFNS/606Exo8vcLHwArFZ7vxXq4rigo2bb494/xKMMwRRQW6ug7Js6yXmBZhSBRuBvCCQ3w=="],

    "@rollup/rollup-darwin-arm64": ["@rollup/rollup-darwin-arm64@4.57.1", "", { "os": "darwin", "cpu": "arm64" }, "sha512-crNPrwJOrRxagUYeMn/DZwqN88SDmwaJ8Cvi/TN1HnWBU7GwknckyosC2gd0IqYRsHDEnXf328o9/HC6OkPgOg=="],

    "@rollup/rollup-darwin-x64": ["@rollup/rollup-darwin-x64@4.57.1", "", { "os": "darwin", "cpu": "x64" }, "sha512-Ji8g8ChVbKrhFtig5QBV7iMaJrGtpHelkB3lsaKzadFBe58gmjfGXAOfI5FV0lYMH8wiqsxKQ1C9B0YTRXVy4w=="],

    "@rollup/rollup-freebsd-arm64": ["@rollup/rollup-freebsd-arm64@4.57.1", "", { "os": "freebsd", "cpu": "arm64" }, "sha512-R+/WwhsjmwodAcz65guCGFRkMb4gKWTcIeLy60JJQbXrJ97BOXHxnkPFrP+YwFlaS0m+uWJTstrUA9o+UchFug=="],

    "@rollup/rollup-freebsd-x64": ["@rollup/rollup-freebsd-x64@4.57.1", "", { "os": "freebsd", "cpu": "x64" }, "sha512-IEQTCHeiTOnAUC3IDQdzRAGj3jOAYNr9kBguI7MQAAZK3caezRrg0GxAb6Hchg4lxdZEI5Oq3iov/w/hnFWY9Q=="],

    "@rollup/rollup-linux-arm-gnueabihf": ["@rollup/rollup-linux-arm-gnueabihf@4.57.1", "", { "os": "linux", "cpu": "arm" }, "sha512-F8sWbhZ7tyuEfsmOxwc2giKDQzN3+kuBLPwwZGyVkLlKGdV1nvnNwYD0fKQ8+XS6hp9nY7B+ZeK01EBUE7aHaw=="],

    "@rollup/rollup-linux-arm-musleabihf": ["@rollup/rollup-linux-arm-musleabihf@4.57.1", "", { "os": "linux", "cpu": "arm" }, "sha512-rGfNUfn0GIeXtBP1wL5MnzSj98+PZe/AXaGBCRmT0ts80lU5CATYGxXukeTX39XBKsxzFpEeK+Mrp9faXOlmrw=="],

    "@rollup/rollup-linux-arm64-gnu": ["@rollup/rollup-linux-arm64-gnu@4.57.1", "", { "os": "linux", "cpu": "arm64" }, "sha512-MMtej3YHWeg/0klK2Qodf3yrNzz6CGjo2UntLvk2RSPlhzgLvYEB3frRvbEF2wRKh1Z2fDIg9KRPe1fawv7C+g=="],

    "@rollup/rollup-linux-arm64-musl": ["@rollup/rollup-linux-arm64-musl@4.57.1", "", { "os": "linux", "cpu": "arm64" }, "sha512-1a/qhaaOXhqXGpMFMET9VqwZakkljWHLmZOX48R0I/YLbhdxr1m4gtG1Hq7++VhVUmf+L3sTAf9op4JlhQ5u1Q=="],

    "@rollup/rollup-linux-loong64-gnu": ["@rollup/rollup-linux-loong64-gnu@4.57.1", "", { "os": "linux", "cpu": "none" }, "sha512-QWO6RQTZ/cqYtJMtxhkRkidoNGXc7ERPbZN7dVW5SdURuLeVU7lwKMpo18XdcmpWYd0qsP1bwKPf7DNSUinhvA=="],

    "@rollup/rollup-linux-loong64-musl": ["@rollup/rollup-linux-loong64-musl@4.57.1", "", { "os": "linux", "cpu": "none" }, "sha512-xpObYIf+8gprgWaPP32xiN5RVTi/s5FCR+XMXSKmhfoJjrpRAjCuuqQXyxUa/eJTdAE6eJ+KDKaoEqjZQxh3Gw=="],

    "@rollup/rollup-linux-ppc64-gnu": ["@rollup/rollup-linux-ppc64-gnu@4.57.1", "", { "os": "linux", "cpu": "ppc64" }, "sha512-4BrCgrpZo4hvzMDKRqEaW1zeecScDCR+2nZ86ATLhAoJ5FQ+lbHVD3ttKe74/c7tNT9c6F2viwB3ufwp01Oh2w=="],

    "@rollup/rollup-linux-ppc64-musl": ["@rollup/rollup-linux-ppc64-musl@4.57.1", "", { "os": "linux", "cpu": "ppc64" }, "sha512-NOlUuzesGauESAyEYFSe3QTUguL+lvrN1HtwEEsU2rOwdUDeTMJdO5dUYl/2hKf9jWydJrO9OL/XSSf65R5+Xw=="],

    "@rollup/rollup-linux-riscv64-gnu": ["@rollup/rollup-linux-riscv64-gnu@4.57.1", "", { "os": "linux", "cpu": "none" }, "sha512-ptA88htVp0AwUUqhVghwDIKlvJMD/fmL/wrQj99PRHFRAG6Z5nbWoWG4o81Nt9FT+IuqUQi+L31ZKAFeJ5Is+A=="],

    "@rollup/rollup-linux-riscv64-musl": ["@rollup/rollup-linux-riscv64-musl@4.57.1", "", { "os": "linux", "cpu": "none" }, "sha512-S51t7aMMTNdmAMPpBg7OOsTdn4tySRQvklmL3RpDRyknk87+Sp3xaumlatU+ppQ+5raY7sSTcC2beGgvhENfuw=="],

    "@rollup/rollup-linux-s390x-gnu": ["@rollup/rollup-linux-s390x-gnu@4.57.1", "", { "os": "linux", "cpu": "s390x" }, "sha512-Bl00OFnVFkL82FHbEqy3k5CUCKH6OEJL54KCyx2oqsmZnFTR8IoNqBF+mjQVcRCT5sB6yOvK8A37LNm/kPJiZg=="],

    "@rollup/rollup-linux-x64-gnu": ["@rollup/rollup-linux-x64-gnu@4.57.1", "", { "os": "linux", "cpu": "x64" }, "sha512-ABca4ceT4N+Tv/GtotnWAeXZUZuM/9AQyCyKYyKnpk4yoA7QIAuBt6Hkgpw8kActYlew2mvckXkvx0FfoInnLg=="],

    "@rollup/rollup-linux-x64-musl": ["@rollup/rollup-linux-x64-musl@4.57.1", "", { "os": "linux", "cpu": "x64" }, "sha512-HFps0JeGtuOR2convgRRkHCekD7j+gdAuXM+/i6kGzQtFhlCtQkpwtNzkNj6QhCDp7DRJ7+qC/1Vg2jt5iSOFw=="],

    "@rollup/rollup-openbsd-x64": ["@rollup/rollup-openbsd-x64@4.57.1", "", { "os": "openbsd", "cpu": "x64" }, "sha512-H+hXEv9gdVQuDTgnqD+SQffoWoc0Of59AStSzTEj/feWTBAnSfSD3+Dql1ZruJQxmykT/JVY0dE8Ka7z0DH1hw=="],

    "@rollup/rollup-openharmony-arm64": ["@rollup/rollup-openharmony-arm64@4.57.1", "", { "os": "none", "cpu": "arm64" }, "sha512-4wYoDpNg6o/oPximyc/NG+mYUejZrCU2q+2w6YZqrAs2UcNUChIZXjtafAiiZSUc7On8v5NyNj34Kzj/Ltk6dQ=="],

    "@rollup/rollup-win32-arm64-msvc": ["@rollup/rollup-win32-arm64-msvc@4.57.1", "", { "os": "win32", "cpu": "arm64" }, "sha512-O54mtsV/6LW3P8qdTcamQmuC990HDfR71lo44oZMZlXU4tzLrbvTii87Ni9opq60ds0YzuAlEr/GNwuNluZyMQ=="],

    "@rollup/rollup-win32-ia32-msvc": ["@rollup/rollup-win32-ia32-msvc@4.57.1", "", { "os": "win32", "cpu": "ia32" }, "sha512-P3dLS+IerxCT/7D2q2FYcRdWRl22dNbrbBEtxdWhXrfIMPP9lQhb5h4Du04mdl5Woq05jVCDPCMF7Ub0NAjIew=="],

    "@rollup/rollup-win32-x64-gnu": ["@rollup/rollup-win32-x64-gnu@4.57.1", "", { "os": "win32", "cpu": "x64" }, "sha512-VMBH2eOOaKGtIJYleXsi2B8CPVADrh+TyNxJ4mWPnKfLB/DBUmzW+5m1xUrcwWoMfSLagIRpjUFeW5CO5hyciQ=="],

    "@rollup/rollup-win32-x64-msvc": ["@rollup/rollup-win32-x64-msvc@4.57.1", "", { "os": "win32", "cpu": "x64" }, "sha512-mxRFDdHIWRxg3UfIIAwCm6NzvxG0jDX/wBN6KsQFTvKFqqg9vTrWUE68qEjHt19A5wwx5X5aUi2zuZT7YR0jrA=="],

    "@types/bun": ["@types/bun@1.3.9", "", { "dependencies": { "bun-types": "1.3.9" } }, "sha512-KQ571yULOdWJiMH+RIWIOZ7B2RXQGpL1YQrBtLIV3FqDcCu6FsbFUBwhdKUlCKUpS3PJDsHlJ1QKlpxoVR+xtw=="],

    "@types/estree": ["@types/estree@1.0.8", "", {}, ""],

    "@types/node": ["@types/node@25.2.3", "", { "dependencies": { "undici-types": "~7.16.0" } }, "sha512-m0jEgYlYz+mDJZ2+F4v8D1AyQb+QzsNqRuI7xg1VQX/KlKS0qT9r1Mo16yo5F/MtifXFgaofIFsdFMox2SxIbQ=="],

    "@types/resolve": ["@types/resolve@1.20.2", "", {}, ""],

    "@types/send": ["@types/send@1.2.1", "", { "dependencies": { "@types/node": "*" } }, "sha512-arsCikDvlU99zl1g69TcAB3mzZPpxgw0UQnaHeC1Nwb015xp8bknZv5rIfri9xTOcMuaVgvabfIRA7PSZVuZIQ=="],

    "@types/ws": ["@types/ws@8.18.1", "", { "dependencies": { "@types/node": "*" } }, "sha512-ThVF6DCVhA8kUGy+aazFQ4kXQ7E1Ty7A3ypFOe0IcJV8O/M511G99AW24irKrW56Wt44yG9+ij8FaqoBGkuBXg=="],

    "@types/xml2js": ["@types/xml2js@0.4.14", "", { "dependencies": { "@types/node": "*" } }, "sha512-4YnrRemBShWRO2QjvUin8ESA41rH+9nQGLUGZV/1IDhi3SL9OhdpNC/MrulTWuptXKwhx/aDxE7toV0f/ypIXQ=="],

    "braces": ["braces@3.0.3", "", { "dependencies": { "fill-range": "^7.1.1" } }, ""],

    "bun-types": ["bun-types@1.3.9", "", { "dependencies": { "@types/node": "*" } }, "sha512-+UBWWOakIP4Tswh0Bt0QD0alpTY8cb5hvgiYeWCMet9YukHbzuruIEeXC2D7nMJPB12kbh8C7XJykSexEqGKJg=="],

    "commondir": ["commondir@1.0.1", "", {}, ""],

    "debug": ["debug@4.4.3", "", { "dependencies": { "ms": "^2.1.3" } }, ""],

    "deepmerge": ["deepmerge@4.3.1", "", {}, ""],

    "depd": ["depd@2.0.0", "", {}, "sha512-g7nH6P6dyDioJogAAGprGpCtVImJhpPk/roCzdb3fIh61/s/nPsfR6onyMwkCAR/OlC3yBC0lESvUoQEAssIrw=="],

    "dotenv": ["dotenv@17.3.1", "", {}, "sha512-IO8C/dzEb6O3F9/twg6ZLXz164a2fhTnEWb95H23Dm4OuN+92NmEAlTrupP9VW6Jm3sO26tQlqyvyi4CsnY9GA=="],

    "ee-first": ["ee-first@1.1.1", "", {}, ""],

    "encodeurl": ["encodeurl@2.0.0", "", {}, ""],

    "es-toolkit": ["es-toolkit@1.44.0", "", {}, "sha512-6penXeZalaV88MM3cGkFZZfOoLGWshWWfdy0tWw/RlVVyhvMaWSBTOvXNeiW3e5FwdS5ePW0LGEu17zT139ktg=="],

    "escape-html": ["escape-html@1.0.3", "", {}, ""],

    "estree-walker": ["estree-walker@2.0.2", "", {}, ""],

    "etag": ["etag@1.8.1", "", {}, ""],

    "eventemitter3": ["eventemitter3@5.0.4", "", {}, "sha512-mlsTRyGaPBjPedk6Bvw+aqbsXDtoAyAzm5MO7JgU+yVRyMQ5O8bD4Kcci7BS85f93veegeCPkL8R4GLClnjLFw=="],

    "fast-glob": ["fast-glob@3.3.3", "", { "dependencies": { "@nodelib/fs.stat": "^2.0.2", "@nodelib/fs.walk": "^1.2.3", "glob-parent": "^5.1.2", "merge2": "^1.3.0", "micromatch": "^4.0.8" } }, "sha512-7MptL8U0cqcFdzIzwOTHoilX9x5BrNqye7Z/LuC7kCMRio1EMSyqRK3BEAUD7sXRq4iT4AzTVuZdhgQ2TCvYLg=="],

    "fastq": ["fastq@1.20.1", "", { "dependencies": { "reusify": "^1.0.4" } }, "sha512-GGToxJ/w1x32s/D2EKND7kTil4n8OVk/9mycTc4VDza13lOvpUZTGX3mFSCtV9ksdGBVzvsyAVLM6mHFThxXxw=="],

    "fdir": ["fdir@6.5.0", "", { "peerDependencies": { "picomatch": "^3 || ^4" } }, ""],

    "fill-range": ["fill-range@7.1.1", "", { "dependencies": { "to-regex-range": "^5.0.1" } }, ""],

    "fresh": ["fresh@2.0.0", "", {}, ""],

    "fsevents": ["fsevents@2.3.3", "", { "os": "darwin" }, "sha512-5xoDfX+fL7faATnagmWPpbFtwh/R77WmMMqqHGS65C3vvB0YHrgF+B1YmZ3441tMj5n63k0212XNoJwzlhffQw=="],

    "function-bind": ["function-bind@1.1.2", "", {}, ""],

    "glob-parent": ["glob-parent@5.1.2", "", { "dependencies": { "is-glob": "^4.0.1" } }, "sha512-AOIgSQCepiJYwP3ARnGx+5VnTu2HBYdzbGP45eLw1vr3zB3vZLeyed1sC9hnbcOc9/SrMyM5RPQrkGz4aS9Zow=="],

    "hasown": ["hasown@2.0.2", "", { "dependencies": { "function-bind": "^1.1.2" } }, ""],

    "hono": ["hono@4.11.9", "", {}, "sha512-Eaw2YTGM6WOxA6CXbckaEvslr2Ne4NFsKrvc0v97JD5awbmeBLO5w9Ho9L9kmKonrwF9RJlW6BxT1PVv/agBHQ=="],

    "http-errors": ["http-errors@2.0.1", "", { "dependencies": { "depd": "~2.0.0", "inherits": "~2.0.4", "setprototypeof": "~1.2.0", "statuses": "~2.0.2", "toidentifier": "~1.0.1" } }, "sha512-4FbRdAX+bSdmo4AUFuS0WNiPz8NgFt+r8ThgNWmlrjQjt1Q7ZR9+zTlce2859x4KSXrwIsaeTqDoKQmtP8pLmQ=="],

    "inherits": ["inherits@2.0.4", "", {}, "sha512-k/vGaX4/Yla3WzyMCvTQOXYeIHvqOKtnqBduzTHpzpQZzAskKMhZ2K+EnBiSM9zGSoIFeMpXKxa4dYeZIQqewQ=="],

    "is-core-module": ["is-core-module@2.16.1", "", { "dependencies": { "hasown": "^2.0.2" } }, ""],

    "is-extglob": ["is-extglob@2.1.1", "", {}, "sha512-SbKbANkN603Vi4jEZv49LeVJMn4yGwsbzZworEoyEiutsN3nJYdbO36zfhGJ6QEDpOZIFkDtnq5JRxmvl3jsoQ=="],

    "is-glob": ["is-glob@4.0.3", "", { "dependencies": { "is-extglob": "^2.1.1" } }, "sha512-xelSayHH36ZgE7ZWhli7pW34hNbNl8Ojv5KVmkJD4hBdD3th8Tfk9vYasLM+mXWOZhFkgZfxhLSnrwRr4elSSg=="],

    "is-module": ["is-module@1.0.0", "", {}, ""],

    "is-number": ["is-number@7.0.0", "", {}, ""],

    "is-reference": ["is-reference@1.2.1", "", { "dependencies": { "@types/estree": "*" } }, ""],

    "js-tokens": ["js-tokens@4.0.0", "", {}, ""],

    "magic-string": ["magic-string@0.30.21", "", { "dependencies": { "@jridgewell/sourcemap-codec": "^1.5.5" } }, ""],

    "merge2": ["merge2@1.4.1", "", {}, "sha512-8q7VEgMJW4J8tcfVPy8g09NcQwZdbwFEqhe/WZkoIzjn/3TGDwtOCYtXGxA3O8tPzpczCCDgv+P2P5y00ZJOOg=="],

    "micromatch": ["micromatch@4.0.8", "", { "dependencies": { "braces": "^3.0.3", "picomatch": "^2.3.1" } }, ""],

    "mime-db": ["mime-db@1.54.0", "", {}, "sha512-aU5EJuIN2WDemCcAp2vFBfp/m4EAhWJnUNSSw0ixs7/kXbd6Pg64EmwJkNdFhB8aWt1sH2CTXrLxo/iAGV3oPQ=="],

    "mime-types": ["mime-types@3.0.2", "", { "dependencies": { "mime-db": "^1.54.0" } }, "sha512-Lbgzdk0h4juoQ9fCKXW4by0UJqj+nOOrI9MJ1sSj4nI8aI2eo1qmvQEie4VD1glsS250n15LsWsYtCugiStS5A=="],

    "ms": ["ms@2.1.3", "", {}, ""],

    "nanoid": ["nanoid@5.1.6", "", { "bin": "bin/nanoid.js" }, "sha512-c7+7RQ+dMB5dPwwCp4ee1/iV/q2P6aK1mTZcfr1BTuVlyW9hJYiMPybJCcnBlQtuSmTIWNeazm/zqNoZSSElBg=="],

    "on-finished": ["on-finished@2.4.1", "", { "dependencies": { "ee-first": "1.1.1" } }, ""],

    "path-parse": ["path-parse@1.0.7", "", {}, ""],

    "path-to-regexp": ["path-to-regexp@8.3.0", "", {}, "sha512-7jdwVIRtsP8MYpdXSwOS0YdD0Du+qOoF/AEPIt88PcCFrZCzx41oxku1jD88hZBwbNUIEfpqvuhjFaMAqMTWnA=="],

    "picocolors": ["picocolors@1.1.1", "", {}, ""],

    "picomatch": ["picomatch@4.0.3", "", {}, ""],

    "queue-microtask": ["queue-microtask@1.2.3", "", {}, "sha512-NuaNSa6flKT5JaSYQzJok04JzTL1CA6aGhv5rfLW3PgqA+M2ChpZQnAC8h8i4ZFkBS8X5RqkDBHA7r4hej3K9A=="],

    "range-parser": ["range-parser@1.2.1", "", {}, ""],

    "resolve": ["resolve@1.22.11", "", { "dependencies": { "is-core-module": "^2.16.1", "path-parse": "^1.0.7", "supports-preserve-symlinks-flag": "^1.0.0" }, "bin": "bin/resolve" }, ""],

    "reusify": ["reusify@1.1.0", "", {}, "sha512-g6QUff04oZpHs0eG5p83rFLhHeV00ug/Yf9nZM6fLeUrPguBTkTQOdpAWWspMh55TZfVQDPaN3NQJfbVRAxdIw=="],

    "rollup": ["rollup@4.57.1", "", { "dependencies": { "@types/estree": "1.0.8" }, "optionalDependencies": { "@rollup/rollup-android-arm-eabi": "4.57.1", "@rollup/rollup-android-arm64": "4.57.1", "@rollup/rollup-darwin-arm64": "4.57.1", "@rollup/rollup-darwin-x64": "4.57.1", "@rollup/rollup-freebsd-arm64": "4.57.1", "@rollup/rollup-freebsd-x64": "4.57.1", "@rollup/rollup-linux-arm-gnueabihf": "4.57.1", "@rollup/rollup-linux-arm-musleabihf": "4.57.1", "@rollup/rollup-linux-arm64-gnu": "4.57.1", "@rollup/rollup-linux-arm64-musl": "4.57.1", "@rollup/rollup-linux-loong64-gnu": "4.57.1", "@rollup/rollup-linux-loong64-musl": "4.57.1", "@rollup/rollup-linux-ppc64-gnu": "4.57.1", "@rollup/rollup-linux-ppc64-musl": "4.57.1", "@rollup/rollup-linux-riscv64-gnu": "4.57.1", "@rollup/rollup-linux-riscv64-musl": "4.57.1", "@rollup/rollup-linux-s390x-gnu": "4.57.1", "@rollup/rollup-linux-x64-gnu": "4.57.1", "@rollup/rollup-linux-x64-musl": "4.57.1", "@rollup/rollup-openbsd-x64": "4.57.1", "@rollup/rollup-openharmony-arm64": "4.57.1", "@rollup/rollup-win32-arm64-msvc": "4.57.1", "@rollup/rollup-win32-ia32-msvc": "4.57.1", "@rollup/rollup-win32-x64-gnu": "4.57.1", "@rollup/rollup-win32-x64-msvc": "4.57.1", "fsevents": "~2.3.2" }, "bin": { "rollup": "dist/bin/rollup" } }, "sha512-oQL6lgK3e2QZeQ7gcgIkS2YZPg5slw37hYufJ3edKlfQSGGm8ICoxswK15ntSzF/a8+h7ekRy7k7oWc3BQ7y8A=="],

    "rollup-plugin-dts": ["rollup-plugin-dts@6.3.0", "", { "dependencies": { "magic-string": "^0.30.21" }, "optionalDependencies": { "@babel/code-frame": "^7.27.1" }, "peerDependencies": { "rollup": "^3.29.4 || ^4", "typescript": "^4.5 || ^5.0" } }, "sha512-d0UrqxYd8KyZ6i3M2Nx7WOMy708qsV/7fTHMHxCMCBOAe3V/U7OMPu5GkX8hC+cmkHhzGnfeYongl1IgiooddA=="],

    "run-parallel": ["run-parallel@1.2.0", "", { "dependencies": { "queue-microtask": "^1.2.2" } }, "sha512-5l4VyZR86LZ/lDxZTR6jqL8AFE2S0IFLMP26AbjsLVADxHdhB/c0GUsH+y39UfCi3dzz8OlQuPmnaJOMoDHQBA=="],

    "sax": ["sax@1.4.3", "", {}, ""],

    "send": ["send@1.2.1", "", { "dependencies": { "debug": "^4.4.3", "encodeurl": "^2.0.0", "escape-html": "^1.0.3", "etag": "^1.8.1", "fresh": "^2.0.0", "http-errors": "^2.0.1", "mime-types": "^3.0.2", "ms": "^2.1.3", "on-finished": "^2.4.1", "range-parser": "^1.2.1", "statuses": "^2.0.2" } }, "sha512-1gnZf7DFcoIcajTjTwjwuDjzuz4PPcY2StKPlsGAQ1+YH20IRVrBaXSWmdjowTJ6u8Rc01PoYOGHXfP1mYcZNQ=="],

    "setprototypeof": ["setprototypeof@1.2.0", "", {}, "sha512-E5LDX7Wrp85Kil5bhZv46j8jOeboKq5JMmYM3gVGdGH8xFpPWXUMsNrlODCrkoxMEeNi/XZIwuRvY4XNwYMJpw=="],

    "statuses": ["statuses@2.0.2", "", {}, ""],

    "supports-preserve-symlinks-flag": ["supports-preserve-symlinks-flag@1.0.0", "", {}, ""],

    "to-regex-range": ["to-regex-range@5.0.1", "", { "dependencies": { "is-number": "^7.0.0" } }, ""],

    "toidentifier": ["toidentifier@1.0.1", "", {}, "sha512-o5sSPKEkg/DIQNmH43V0/uerLrpzVedkUh8tGNvaeXpfpuwjKenlSox/2O/BTlZUtEe+JG7s5YhEz608PlAHRA=="],

    "tslib": ["tslib@2.8.1", "", {}, "sha512-oJFu94HQb+KVduSUQL7wnpmqnfmLsOA/nAh6b6EH0wCEoK0/mPeXU6c3wKDV83MkOuHPRHtSXKKU99IBazS/2w=="],

    "typescript": ["typescript@5.9.3", "", { "bin": { "tsc": "bin/tsc", "tsserver": "bin/tsserver" } }, "sha512-jl1vZzPDinLr9eUt3J/t7V6FgNEw9QjvBPdysz9KfQDD41fQrC2Y4vKQdiaUpFT4bXlb1RHhLpp8wtm6M5TgSw=="],

    "undici-types": ["undici-types@7.16.0", "", {}, ""],

    "ws": ["@kevisual/ws@8.0.0", "", {}, "sha512-jlFxSlXUEz93cFW+UYT5BXv/rFVgiMQnIfqRYZ0gj1hSP8PMGRqMqUoHSLfKvfRRS4jseLSvTTeEKSQpZJtURg=="],

    "xml2js": ["xml2js@0.6.2", "", { "dependencies": { "sax": ">=0.6.0", "xmlbuilder": "~11.0.0" } }, "sha512-T4rieHaC1EXcES0Kxxj4JWgaUQHDk+qwHcYOCFHfiwKz7tOVPLq7Hjq9dM1WCMhylqMEfP7hMcOIChvotiZegA=="],

    "xmlbuilder": ["xmlbuilder@11.0.1", "", {}, ""],

    "zod": ["zod@4.3.6", "", {}, "sha512-rftlrkhHZOcjDwkGlnUtZZkvaPHCsDATp4pGpuOOMDaTdDDXF91wuVDJoWoPsKX/3YPQ5fHuF3STjcYyKr+Qhg=="],

    "@opencode-ai/plugin/zod": ["zod@4.1.8", "", {}, "sha512-5R1P+WwQqmmMIEACyzSvo4JXHY5WiAFHRMg+zBZKgKS+Q1viRa0C1hmUKtHltoIFKtIdki3pRxkmpP74jnNYHQ=="],

    "@types/send/@types/node": ["@types/node@25.0.3", "", { "dependencies": { "undici-types": "~7.16.0" } }, "sha512-W609buLVRVmeW693xKfzHeIV6nJGGz98uCPfeXI1ELMLXVeKYZ9m15fAMSaUPBHYLGFsVRcMmSCksQOrZV9BYA=="],

    "@types/ws/@types/node": ["@types/node@25.0.3", "", { "dependencies": { "undici-types": "~7.16.0" } }, "sha512-W609buLVRVmeW693xKfzHeIV6nJGGz98uCPfeXI1ELMLXVeKYZ9m15fAMSaUPBHYLGFsVRcMmSCksQOrZV9BYA=="],

    "@types/xml2js/@types/node": ["@types/node@25.0.3", "", { "dependencies": { "undici-types": "~7.16.0" } }, "sha512-W609buLVRVmeW693xKfzHeIV6nJGGz98uCPfeXI1ELMLXVeKYZ9m15fAMSaUPBHYLGFsVRcMmSCksQOrZV9BYA=="],

    "micromatch/picomatch": ["picomatch@2.3.1", "", {}, ""],
  }
}
